
Microsoft Visual Studio Solution File, Format Version 12.00
# Visual Studio Version 17
VisualStudioVersion = 17.9.34622.214
MinimumVisualStudioVersion = 10.0.40219.1
Project("{FAE04EC0-301F-11D3-BF4B-00C04F79EFBC}") = "CurrencyApp", "CurrencyApp\CurrencyApp.csproj", "{F8DDEDA9-7527-4C4C-92AF-AF27797D05CD}"
EndProject
Global
	GlobalSection(SolutionConfigurationPlatforms) = preSolution
		Debug|Any CPU = Debug|Any CPU
		Release|Any CPU = Release|Any CPU
	EndGlobalSection
	GlobalSection(ProjectConfigurationPlatforms) = postSolution
		{F8DDEDA9-7527-4C4C-92AF-AF27797D05CD}.Debug|Any CPU.ActiveCfg = Debug|Any CPU
		{F8DDEDA9-7527-4C4C-92AF-AF27797D05CD}.Debug|Any CPU.Build.0 = Debug|Any CPU
		{F8DDEDA9-7527-4C4C-92AF-AF27797D05CD}.Release|Any CPU.ActiveCfg = Release|Any CPU
		{F8DDEDA9-7527-4C4C-92AF-AF27797D05CD}.Release|Any CPU.Build.0 = Release|Any CPU
	EndGlobalSection
	GlobalSection(SolutionProperties) = preSolution
		HideSolutionNode = FALSE
	EndGlobalSection
	GlobalSection(ExtensibilityGlobals) = postSolution
		SolutionGuid = {A711FDFD-0BBE-4F2D-BA14-591F3AF98560}
	EndGlobalSection
EndGlobal
